---
generate-project:
  :commit: 6e1213ac380ddf82a7e96c0798d2beb55cf11db7
  :branch: master
vizor:
  :commit: d46b02f8a3eb5ea048152e2b79ab6e1209cbfec5
  :branch: master
generate-template:
  :commit: ad0dcfb6da64cc0508b71916b30e1050c82ecea7
  :branch: master
logger:
  :commit: abf4f2b2404b714d5ded2cd37c39d24a66ac2124
  :branch: master
units:
  :commit: 475d640d28a45f238f3499d6d8228d8a8470479b
  :branch: master
memory:
  :commit: 28dd0f2e1d1418ed8f038e6c19fff7c9e45ac135
  :branch: master
vulkan-sdk:
  :commit: fdc0af3b19d1982ada58076fa26ae5ae297d9d0d
  :branch: master
vulkan-sdk-darwin:
  :commit: e6c4fa3d72bfc0f75e6f6fb6c53cf0a9a2da9546
  :branch: master
time:
  :commit: 9dae349ec5fc45fa8f837412b6de357a88c85286
  :branch: master
platforms:
  :commit: 9b3dc9a1b13108f933146cda6c12a994c5c954a0
  :branch: master
unit-test:
  :commit: 13e381cf7f9f3c36c06473f4dced071895f4dfe0
  :branch: master
generate-cpp-class:
  :commit: a7219c511be8af5228c4daf575508c5667108998
  :branch: master
variants:
  :commit: f6a26a8ac3a47a23a213cbd15da2183239d394d1
  :branch: master
platform-darwin-osx:
  :commit: d352ae8d26a35585bc74b83c5fbace3c317f7bb7
  :branch: master
platform-darwin-ios:
  :commit: c81ccc5ee73cb1c6ae31e378148c4cb8c9f8759e
  :branch: master
build-clang:
  :commit: e00c30238dbc03a0a862936182967c8a08e942a6
  :branch: master
build-darwin:
  :commit: fdbedc7316a2231769925dad00c5ec7edfcb4fa9
  :branch: master
build-files:
  :commit: 2e5392ef4e171885b621288c7829e5160f1255bf
  :branch: master
streams:
  :commit: dc8b15f98e04ec3661d530b87d87b072a4d2c997
  :branch: master
numerics:
  :commit: 98c501c0b0b6cb5db6dc592f06b650baf42188c5
  :branch: master
geometry:
  :commit: cfef749acdb1009e22fbcf0700ef7a3ee35f3aa3
  :branch: master
concurrent:
  :commit: 7402f8028caa1fea7046f1e9a3d48ac655140195
  :branch: master
coroutine:
  :commit: 3e4a72bf1bb4c03e4e4f569fe5ec4b52b51c7875
  :branch: master
generate-travis:
  :commit: 25acb6c2650d6818d1055c33d8e307d3b6be0f74
  :branch: master
coroutine-amd64:
  :commit: 4d95747b7ac74a19546f7c1290ec34c85ca97076
  :branch: master
parallel:
  :commit: 1f0c4d8894f35d4a7d7bca57d6820b29ab17b18e
  :branch: master
