---
generate-project:
  :commit: 0e636b43a6df347fe6a3a2d79e8fa5dc16364964
  :branch: master
vizor:
  :commit: 18bb06d8d60cf15240c86c2afc81150db86003b4
  :branch: master
generate-template:
  :commit: ad0dcfb6da64cc0508b71916b30e1050c82ecea7
  :branch: master
logger:
  :commit: e34a8b976fc983b904c091a7d75671192d015179
  :branch: master
units:
  :commit: 2cd145a4561553fac9254eeaccdea7832e1c05b5
  :branch: master
memory:
  :commit: 57e4fd53202f17764f7fe6cf04ac77d343bae2a5
  :branch: master
vulkan-sdk:
  :commit: ff690f38dc97b78d0e0ede379eeab5661703710b
  :branch: master
vulkan-sdk-darwin:
  :commit: ffb66916fe990e03c506145d0b3e47a246520e51
  :branch: master
time:
  :commit: 795a5514b6be74bb81604e08257eec44444a745d
  :branch: master
platforms:
  :commit: 9b3dc9a1b13108f933146cda6c12a994c5c954a0
  :branch: master
unit-test:
  :commit: 8eba91da55996f82ee19651c3e58cbc97c579114
  :branch: master
generate-cpp-class:
  :commit: a7219c511be8af5228c4daf575508c5667108998
  :branch: master
variants:
  :commit: f6a26a8ac3a47a23a213cbd15da2183239d394d1
  :branch: master
platform-darwin-osx:
  :commit: d352ae8d26a35585bc74b83c5fbace3c317f7bb7
  :branch: master
platform-darwin-ios:
  :commit: c81ccc5ee73cb1c6ae31e378148c4cb8c9f8759e
  :branch: master
build-clang:
  :commit: 89942e92e5ac6ffb10faa9cd2d4858903bd28d4f
  :branch: master
build-darwin:
  :commit: fdbedc7316a2231769925dad00c5ec7edfcb4fa9
  :branch: master
build-files:
  :commit: 2e5392ef4e171885b621288c7829e5160f1255bf
  :branch: master
streams:
  :commit: 2f9141de26e5331ab35fc91c03ab6a60317bbf7c
  :branch: master
numerics:
  :commit: 0be882aa164198b0714bcd7595c4485f3bd750bc
  :branch: master
geometry:
  :commit: c93006acc1cfbb299b6facf10d063c63d59450bb
  :branch: master
concurrent:
  :commit: 7402f8028caa1fea7046f1e9a3d48ac655140195
  :branch: master
coroutine:
  :commit: 3e4a72bf1bb4c03e4e4f569fe5ec4b52b51c7875
  :branch: master
generate-travis:
  :commit: 25acb6c2650d6818d1055c33d8e307d3b6be0f74
  :branch: master
coroutine-amd64:
  :commit: 4d95747b7ac74a19546f7c1290ec34c85ca97076
  :branch: master
parallel:
  :commit: 70fd29c05588bc153a79af2cc0fa92606a1f973f
  :branch: master
input:
  :commit: 619cbe901ebb2cfd9dd97235d30e596edc96aa14
  :branch: master
display-cocoa:
  :commit: 9b7629c61a5b8b85dfbd822f722102c308ad4b78
  :branch: master
display:
  :commit: 475f2cce91f02e918085eef53b71f8ba1cb7f581
  :branch: master
display-xcb:
  :commit: ee7c6f32542bd1bf083d74accf3d0c47464d7a5c
  :branch: master
platform-linux:
  :commit: a1115ce55e978e3c638ebe7bd1a9e5cb5b7cfed4
  :branch: master
build-linux:
  :commit: 1d9e9a5ade9b5817dd9f5c2cb4f5f43883a64c66
  :branch: master
glslang:
  :commit: 51ca5e7c3ef706606879e0cc8fbb7505bc7178d6
  :branch: master
build-make:
  :commit: 0bdefa5a7eca2000611658f3914476a1b967fffa
  :branch: master
build-cmake:
  :commit: e1248e51149e599f15dede7240291790abe65c25
  :branch: master
resources:
  :commit: a6a52b574200d27fad046c5e92d53184ecb5c8e3
  :branch: master
uri:
  :commit: b920d01de5323126eaf539d4217d357b47fde64e
  :branch: master
buffers:
  :commit: 50ff122df8a583623c692df1f365c992c365ec62
  :branch: master
ragel:
  :commit: f10bfccc2811b504920e157a890a06305932bcaf
  :branch: master
executor-unix:
  :commit: 36fe76d003e45c97cfb1d9d2726c17a33f28cad5
  :branch: master
executor-lldb:
  :commit: 75f65ccadcf08aaed5694870c31556fbd656427a
  :branch: master
